
Microsoft Visual Studio Solution File, Format Version 12.00
# Visual Studio Version 17
VisualStudioVersion = 17.11.35303.130
MinimumVisualStudioVersion = 10.0.40219.1
Project("{FAE04EC0-301F-11D3-BF4B-00C04F79EFBC}") = "Auto_QTE", "Auto_QTE\Auto_QTE.csproj", "{C2B083B6-1588-450E-B1DE-65231D623EEE}"
EndProject
Global
	GlobalSection(SolutionConfigurationPlatforms) = preSolution
		Debug|Any CPU = Debug|Any CPU
		Release|Any CPU = Release|Any CPU
	EndGlobalSection
	GlobalSection(ProjectConfigurationPlatforms) = postSolution
		{C2B083B6-1588-450E-B1DE-65231D623EEE}.Debug|Any CPU.ActiveCfg = Debug|Any CPU
		{C2B083B6-1588-450E-B1DE-65231D623EEE}.Debug|Any CPU.Build.0 = Debug|Any CPU
		{C2B083B6-1588-450E-B1DE-65231D623EEE}.Release|Any CPU.ActiveCfg = Release|Any CPU
		{C2B083B6-1588-450E-B1DE-65231D623EEE}.Release|Any CPU.Build.0 = Release|Any CPU
	EndGlobalSection
	GlobalSection(SolutionProperties) = preSolution
		HideSolutionNode = FALSE
	EndGlobalSection
	GlobalSection(ExtensibilityGlobals) = postSolution
		SolutionGuid = {09A010FD-1CB4-4B45-B658-DE4299828D28}
	EndGlobalSection
EndGlobal
